
Microsoft Visual Studio Solution File, Format Version 12.00
# Visual Studio Version 17
VisualStudioVersion = 17.3.32929.385
MinimumVisualStudioVersion = 10.0.40219.1
Project("{FAE04EC0-301F-11D3-BF4B-00C04F79EFBC}") = "ItamarNewTest", "ItamarNewTest\ItamarNewTest.csproj", "{6CA3FB3E-D2FE-495D-A7DA-F5A25BFA078B}"
EndProject
Global
	GlobalSection(SolutionConfigurationPlatforms) = preSolution
		Debug|Any CPU = Debug|Any CPU
		Release|Any CPU = Release|Any CPU
	EndGlobalSection
	GlobalSection(ProjectConfigurationPlatforms) = postSolution
		{6CA3FB3E-D2FE-495D-A7DA-F5A25BFA078B}.Debug|Any CPU.ActiveCfg = Debug|Any CPU
		{6CA3FB3E-D2FE-495D-A7DA-F5A25BFA078B}.Debug|Any CPU.Build.0 = Debug|Any CPU
		{6CA3FB3E-D2FE-495D-A7DA-F5A25BFA078B}.Release|Any CPU.ActiveCfg = Release|Any CPU
		{6CA3FB3E-D2FE-495D-A7DA-F5A25BFA078B}.Release|Any CPU.Build.0 = Release|Any CPU
	EndGlobalSection
	GlobalSection(SolutionProperties) = preSolution
		HideSolutionNode = FALSE
	EndGlobalSection
	GlobalSection(ExtensibilityGlobals) = postSolution
		SolutionGuid = {1962D03F-D674-47FD-A422-C6FCF48D2DF7}
	EndGlobalSection
EndGlobal
